github.com/anchore/go-make v0.0.0-20250812192831-22aff83a842a h1:l97U7V2uuRkxlh/DNwYuzockOqp2gHreJkxlY8kwUIY=
github.com/anchore/go-make v0.0.0-20250812192831-22aff83a842a/go.mod h1:jsd75YTZwUrbxnOs3ZaN2NGfxqbSuS9jAhyLjb55Nvs=
github.com/anchore/go-make v0.0.2-0.20250813184110-f35696510aa1 h1:Fmx791RPUMvIzt6Z1/gGU0YNkUPO+tGCUpKaqcj1r4I=
github.com/anchore/go-make v0.0.2-0.20250813184110-f35696510aa1/go.mod h1:jsd75YTZwUrbxnOs3ZaN2NGfxqbSuS9jAhyLjb55Nvs=
github.com/bmatcuk/doublestar/v4 v4.9.1 h1:X8jg9rRZmJd4yRy7ZeNDRnM+T3ZfHv15JiBJ/avrEXE=
github.com/bmatcuk/doublestar/v4 v4.9.1/go.mod h1:xBQ8jztBU6kakFMg+8WGxn0c6z1fTSPVIjEY1Wr7jzc=
github.com/goccy/go-yaml v1.18.0 h1:8W7wMFS12Pcas7KU+VVkaiCng+kG8QiFeFwzFb+rwuw=
github.com/goccy/go-yaml v1.18.0/go.mod h1:XBurs7gK8ATbW4ZPGKgcbrY1Br56PdM69F7LkFRi1kA=
golang.org/x/mod v0.27.0 h1:kb+q2PyFnEADO2IEF935ehFUXlWiNjJWtRNgBLSfbxQ=
golang.org/x/mod v0.27.0/go.mod h1:rWI627Fq0DEoudcK+MBkNkCe0EetEaDSwJJkCcjpazc=
